// !$*UTF8*$!
{
	archiveVersion = 1;
	classes = {
	};
	objectVersion = 56;
	objects = {

/* Begin PBXBuildFile section */
		A97067162A2CDE0000E6E67C /* ConfirmationDialogViewExample.swift in Sources */ = {isa = PBXBuildFile; fileRef = A97067152A2CDE0000E6E67C /* ConfirmationDialogViewExample.swift */; };
		A97067182A2CE6B600E6E67C /* ContextMenuViewExample.swift in Sources */ = {isa = PBXBuildFile; fileRef = A97067172A2CE6B600E6E67C /* ContextMenuViewExample.swift */; };
		A970671A2A2CEF4000E6E67C /* TapGestureViewExample.swift in Sources */ = {isa = PBXBuildFile; fileRef = A97067192A2CEF4000E6E67C /* TapGestureViewExample.swift */; };
		A970671C2A2CF1C100E6E67C /* DragGestureViewExample.swift in Sources */ = {isa = PBXBuildFile; fileRef = A970671B2A2CF1C100E6E67C /* DragGestureViewExample.swift */; };
		A970671E2A2CF61900E6E67C /* BindingViewExample.swift in Sources */ = {isa = PBXBuildFile; fileRef = A970671D2A2CF61900E6E67C /* BindingViewExample.swift */; };
		A97067202A2CF99900E6E67C /* ObjectsViewExample.swift in Sources */ = {isa = PBXBuildFile; fileRef = A970671F2A2CF99900E6E67C /* ObjectsViewExample.swift */; };
		A97067222A2D0A0000E6E67C /* EnviromentObjectViewExample.swift in Sources */ = {isa = PBXBuildFile; fileRef = A97067212A2D0A0000E6E67C /* EnviromentObjectViewExample.swift */; };
		A97067242A2D0EF900E6E67C /* AppStorageViewExample.swift in Sources */ = {isa = PBXBuildFile; fileRef = A97067232A2D0EF900E6E67C /* AppStorageViewExample.swift */; };
		A9BD96042A2C72F3003CA927 /* LazyGridViewExample.swift in Sources */ = {isa = PBXBuildFile; fileRef = A9BD96032A2C72F3003CA927 /* LazyGridViewExample.swift */; };
		A9BD96062A2C7710003CA927 /* FormViewExample.swift in Sources */ = {isa = PBXBuildFile; fileRef = A9BD96052A2C7710003CA927 /* FormViewExample.swift */; };
		A9BD96082A2C7A69003CA927 /* ListViewExample.swift in Sources */ = {isa = PBXBuildFile; fileRef = A9BD96072A2C7A69003CA927 /* ListViewExample.swift */; };
		A9BD960A2A2C80CF003CA927 /* NavigationStackViewExample.swift in Sources */ = {isa = PBXBuildFile; fileRef = A9BD96092A2C80CF003CA927 /* NavigationStackViewExample.swift */; };
		A9BD960C2A2C9214003CA927 /* TabViewExample.swift in Sources */ = {isa = PBXBuildFile; fileRef = A9BD960B2A2C9214003CA927 /* TabViewExample.swift */; };
		A9BD960E2A2C9BE3003CA927 /* MovalsViewExample.swift in Sources */ = {isa = PBXBuildFile; fileRef = A9BD960D2A2C9BE3003CA927 /* MovalsViewExample.swift */; };
		A9BD96102A2C9DF6003CA927 /* AlertViewExample.swift in Sources */ = {isa = PBXBuildFile; fileRef = A9BD960F2A2C9DF6003CA927 /* AlertViewExample.swift */; };
		A9C857CD2A2931C800BC24A4 /* HelloSwiftUIApp.swift in Sources */ = {isa = PBXBuildFile; fileRef = A9C857CC2A2931C800BC24A4 /* HelloSwiftUIApp.swift */; };
		A9C857CF2A2931C800BC24A4 /* StacksViewExample.swift in Sources */ = {isa = PBXBuildFile; fileRef = A9C857CE2A2931C800BC24A4 /* StacksViewExample.swift */; };
		A9C857D12A2931C900BC24A4 /* Assets.xcassets in Resources */ = {isa = PBXBuildFile; fileRef = A9C857D02A2931C900BC24A4 /* Assets.xcassets */; };
		A9C857D42A2931C900BC24A4 /* Preview Assets.xcassets in Resources */ = {isa = PBXBuildFile; fileRef = A9C857D32A2931C900BC24A4 /* Preview Assets.xcassets */; };
		A9C857DE2A2931C900BC24A4 /* HelloSwiftUITests.swift in Sources */ = {isa = PBXBuildFile; fileRef = A9C857DD2A2931C900BC24A4 /* HelloSwiftUITests.swift */; };
		A9C857E82A2931C900BC24A4 /* HelloSwiftUIUITests.swift in Sources */ = {isa = PBXBuildFile; fileRef = A9C857E72A2931C900BC24A4 /* HelloSwiftUIUITests.swift */; };
		A9C857EA2A2931C900BC24A4 /* HelloSwiftUIUITestsLaunchTests.swift in Sources */ = {isa = PBXBuildFile; fileRef = A9C857E92A2931C900BC24A4 /* HelloSwiftUIUITestsLaunchTests.swift */; };
		A9C857F82A293CC600BC24A4 /* ImageViewExample.swift in Sources */ = {isa = PBXBuildFile; fileRef = A9C857F72A293CC600BC24A4 /* ImageViewExample.swift */; };
		A9FD99AE2A2B8811008E76CC /* SymbolsExample.swift in Sources */ = {isa = PBXBuildFile; fileRef = A9FD99AD2A2B8811008E76CC /* SymbolsExample.swift */; };
		A9FD99B02A2B8B10008E76CC /* StateExample.swift in Sources */ = {isa = PBXBuildFile; fileRef = A9FD99AF2A2B8B10008E76CC /* StateExample.swift */; };
		A9FD99B22A2B8DC8008E76CC /* LabelViewExample.swift in Sources */ = {isa = PBXBuildFile; fileRef = A9FD99B12A2B8DC8008E76CC /* LabelViewExample.swift */; };
		A9FD99B42A2B8EB6008E76CC /* TextViewExample.swift in Sources */ = {isa = PBXBuildFile; fileRef = A9FD99B32A2B8EB6008E76CC /* TextViewExample.swift */; };
		A9FD99B62A2B984C008E76CC /* ButtonViewExample.swift in Sources */ = {isa = PBXBuildFile; fileRef = A9FD99B52A2B984C008E76CC /* ButtonViewExample.swift */; };
		A9FD99B82A2BA1FD008E76CC /* TextfieldViewExample.swift in Sources */ = {isa = PBXBuildFile; fileRef = A9FD99B72A2BA1FD008E76CC /* TextfieldViewExample.swift */; };
		A9FD99BA2A2BA620008E76CC /* TextEditorViewExample.swift in Sources */ = {isa = PBXBuildFile; fileRef = A9FD99B92A2BA620008E76CC /* TextEditorViewExample.swift */; };
		A9FD99BC2A2BAA6E008E76CC /* PickersViewExample.swift in Sources */ = {isa = PBXBuildFile; fileRef = A9FD99BB2A2BAA6E008E76CC /* PickersViewExample.swift */; };
		A9FD99BE2A2BB061008E76CC /* ProgressViewExample.swift in Sources */ = {isa = PBXBuildFile; fileRef = A9FD99BD2A2BB061008E76CC /* ProgressViewExample.swift */; };
		A9FD99C02A2BB7A5008E76CC /* LinkViewExample.swift in Sources */ = {isa = PBXBuildFile; fileRef = A9FD99BF2A2BB7A5008E76CC /* LinkViewExample.swift */; };
		A9FD99C22A2BC8E1008E76CC /* ToggleViewExample.swift in Sources */ = {isa = PBXBuildFile; fileRef = A9FD99C12A2BC8E1008E76CC /* ToggleViewExample.swift */; };
		A9FD99C42A2BC9C4008E76CC /* StepperViewExample.swift in Sources */ = {isa = PBXBuildFile; fileRef = A9FD99C32A2BC9C4008E76CC /* StepperViewExample.swift */; };
		A9FD99C62A2BCD0A008E76CC /* SliderViewExample.swift in Sources */ = {isa = PBXBuildFile; fileRef = A9FD99C52A2BCD0A008E76CC /* SliderViewExample.swift */; };
/* End PBXBuildFile section */

/* Begin PBXContainerItemProxy section */
		A9C857DA2A2931C900BC24A4 /* PBXContainerItemProxy */ = {
			isa = PBXContainerItemProxy;
			containerPortal = A9C857C12A2931C800BC24A4 /* Project object */;
			proxyType = 1;
			remoteGlobalIDString = A9C857C82A2931C800BC24A4;
			remoteInfo = HelloSwiftUI;
		};
		A9C857E42A2931C900BC24A4 /* PBXContainerItemProxy */ = {
			isa = PBXContainerItemProxy;
			containerPortal = A9C857C12A2931C800BC24A4 /* Project object */;
			proxyType = 1;
			remoteGlobalIDString = A9C857C82A2931C800BC24A4;
			remoteInfo = HelloSwiftUI;
		};
/* End PBXContainerItemProxy section */

/* Begin PBXFileReference section */
		A97067152A2CDE0000E6E67C /* ConfirmationDialogViewExample.swift */ = {isa = PBXFileReference; lastKnownFileType = sourcecode.swift; path = ConfirmationDialogViewExample.swift; sourceTree = "<group>"; };
		A97067172A2CE6B600E6E67C /* ContextMenuViewExample.swift */ = {isa = PBXFileReference; lastKnownFileType = sourcecode.swift; path = ContextMenuViewExample.swift; sourceTree = "<group>"; };
		A97067192A2CEF4000E6E67C /* TapGestureViewExample.swift */ = {isa = PBXFileReference; lastKnownFileType = sourcecode.swift; path = TapGestureViewExample.swift; sourceTree = "<group>"; };
		A970671B2A2CF1C100E6E67C /* DragGestureViewExample.swift */ = {isa = PBXFileReference; lastKnownFileType = sourcecode.swift; path = DragGestureViewExample.swift; sourceTree = "<group>"; };
		A970671D2A2CF61900E6E67C /* BindingViewExample.swift */ = {isa = PBXFileReference; lastKnownFileType = sourcecode.swift; path = BindingViewExample.swift; sourceTree = "<group>"; };
		A970671F2A2CF99900E6E67C /* ObjectsViewExample.swift */ = {isa = PBXFileReference; lastKnownFileType = sourcecode.swift; path = ObjectsViewExample.swift; sourceTree = "<group>"; };
		A97067212A2D0A0000E6E67C /* EnviromentObjectViewExample.swift */ = {isa = PBXFileReference; lastKnownFileType = sourcecode.swift; path = EnviromentObjectViewExample.swift; sourceTree = "<group>"; };
		A97067232A2D0EF900E6E67C /* AppStorageViewExample.swift */ = {isa = PBXFileReference; lastKnownFileType = sourcecode.swift; path = AppStorageViewExample.swift; sourceTree = "<group>"; };
		A9BD96032A2C72F3003CA927 /* LazyGridViewExample.swift */ = {isa = PBXFileReference; lastKnownFileType = sourcecode.swift; path = LazyGridViewExample.swift; sourceTree = "<group>"; };
		A9BD96052A2C7710003CA927 /* FormViewExample.swift */ = {isa = PBXFileReference; lastKnownFileType = sourcecode.swift; path = FormViewExample.swift; sourceTree = "<group>"; };
		A9BD96072A2C7A69003CA927 /* ListViewExample.swift */ = {isa = PBXFileReference; lastKnownFileType = sourcecode.swift; path = ListViewExample.swift; sourceTree = "<group>"; };
		A9BD96092A2C80CF003CA927 /* NavigationStackViewExample.swift */ = {isa = PBXFileReference; lastKnownFileType = sourcecode.swift; path = NavigationStackViewExample.swift; sourceTree = "<group>"; };
		A9BD960B2A2C9214003CA927 /* TabViewExample.swift */ = {isa = PBXFileReference; lastKnownFileType = sourcecode.swift; path = TabViewExample.swift; sourceTree = "<group>"; };
		A9BD960D2A2C9BE3003CA927 /* MovalsViewExample.swift */ = {isa = PBXFileReference; lastKnownFileType = sourcecode.swift; path = MovalsViewExample.swift; sourceTree = "<group>"; };
		A9BD960F2A2C9DF6003CA927 /* AlertViewExample.swift */ = {isa = PBXFileReference; lastKnownFileType = sourcecode.swift; path = AlertViewExample.swift; sourceTree = "<group>"; };
		A9C857C92A2931C800BC24A4 /* HelloSwiftUI.app */ = {isa = PBXFileReference; explicitFileType = wrapper.application; includeInIndex = 0; path = HelloSwiftUI.app; sourceTree = BUILT_PRODUCTS_DIR; };
		A9C857CC2A2931C800BC24A4 /* HelloSwiftUIApp.swift */ = {isa = PBXFileReference; lastKnownFileType = sourcecode.swift; path = HelloSwiftUIApp.swift; sourceTree = "<group>"; };
		A9C857CE2A2931C800BC24A4 /* StacksViewExample.swift */ = {isa = PBXFileReference; lastKnownFileType = sourcecode.swift; path = StacksViewExample.swift; sourceTree = "<group>"; };
		A9C857D02A2931C900BC24A4 /* Assets.xcassets */ = {isa = PBXFileReference; lastKnownFileType = folder.assetcatalog; path = Assets.xcassets; sourceTree = "<group>"; };
		A9C857D32A2931C900BC24A4 /* Preview Assets.xcassets */ = {isa = PBXFileReference; lastKnownFileType = folder.assetcatalog; path = "Preview Assets.xcassets"; sourceTree = "<group>"; };
		A9C857D92A2931C900BC24A4 /* HelloSwiftUITests.xctest */ = {isa = PBXFileReference; explicitFileType = wrapper.cfbundle; includeInIndex = 0; path = HelloSwiftUITests.xctest; sourceTree = BUILT_PRODUCTS_DIR; };
		A9C857DD2A2931C900BC24A4 /* HelloSwiftUITests.swift */ = {isa = PBXFileReference; lastKnownFileType = sourcecode.swift; path = HelloSwiftUITests.swift; sourceTree = "<group>"; };
		A9C857E32A2931C900BC24A4 /* HelloSwiftUIUITests.xctest */ = {isa = PBXFileReference; explicitFileType = wrapper.cfbundle; includeInIndex = 0; path = HelloSwiftUIUITests.xctest; sourceTree = BUILT_PRODUCTS_DIR; };
		A9C857E72A2931C900BC24A4 /* HelloSwiftUIUITests.swift */ = {isa = PBXFileReference; lastKnownFileType = sourcecode.swift; path = HelloSwiftUIUITests.swift; sourceTree = "<group>"; };
		A9C857E92A2931C900BC24A4 /* HelloSwiftUIUITestsLaunchTests.swift */ = {isa = PBXFileReference; lastKnownFileType = sourcecode.swift; path = HelloSwiftUIUITestsLaunchTests.swift; sourceTree = "<group>"; };
		A9C857F72A293CC600BC24A4 /* ImageViewExample.swift */ = {isa = PBXFileReference; lastKnownFileType = sourcecode.swift; path = ImageViewExample.swift; sourceTree = "<group>"; };
		A9FD99AD2A2B8811008E76CC /* SymbolsExample.swift */ = {isa = PBXFileReference; lastKnownFileType = sourcecode.swift; path = SymbolsExample.swift; sourceTree = "<group>"; };
		A9FD99AF2A2B8B10008E76CC /* StateExample.swift */ = {isa = PBXFileReference; lastKnownFileType = sourcecode.swift; path = StateExample.swift; sourceTree = "<group>"; };
		A9FD99B12A2B8DC8008E76CC /* LabelViewExample.swift */ = {isa = PBXFileReference; lastKnownFileType = sourcecode.swift; path = LabelViewExample.swift; sourceTree = "<group>"; };
		A9FD99B32A2B8EB6008E76CC /* TextViewExample.swift */ = {isa = PBXFileReference; lastKnownFileType = sourcecode.swift; path = TextViewExample.swift; sourceTree = "<group>"; };
		A9FD99B52A2B984C008E76CC /* ButtonViewExample.swift */ = {isa = PBXFileReference; lastKnownFileType = sourcecode.swift; path = ButtonViewExample.swift; sourceTree = "<group>"; };
		A9FD99B72A2BA1FD008E76CC /* TextfieldViewExample.swift */ = {isa = PBXFileReference; lastKnownFileType = sourcecode.swift; path = TextfieldViewExample.swift; sourceTree = "<group>"; };
		A9FD99B92A2BA620008E76CC /* TextEditorViewExample.swift */ = {isa = PBXFileReference; lastKnownFileType = sourcecode.swift; path = TextEditorViewExample.swift; sourceTree = "<group>"; };
		A9FD99BB2A2BAA6E008E76CC /* PickersViewExample.swift */ = {isa = PBXFileReference; lastKnownFileType = sourcecode.swift; path = PickersViewExample.swift; sourceTree = "<group>"; };
		A9FD99BD2A2BB061008E76CC /* ProgressViewExample.swift */ = {isa = PBXFileReference; lastKnownFileType = sourcecode.swift; path = ProgressViewExample.swift; sourceTree = "<group>"; };
		A9FD99BF2A2BB7A5008E76CC /* LinkViewExample.swift */ = {isa = PBXFileReference; lastKnownFileType = sourcecode.swift; path = LinkViewExample.swift; sourceTree = "<group>"; };
		A9FD99C12A2BC8E1008E76CC /* ToggleViewExample.swift */ = {isa = PBXFileReference; lastKnownFileType = sourcecode.swift; path = ToggleViewExample.swift; sourceTree = "<group>"; };
		A9FD99C32A2BC9C4008E76CC /* StepperViewExample.swift */ = {isa = PBXFileReference; lastKnownFileType = sourcecode.swift; path = StepperViewExample.swift; sourceTree = "<group>"; };
		A9FD99C52A2BCD0A008E76CC /* SliderViewExample.swift */ = {isa = PBXFileReference; lastKnownFileType = sourcecode.swift; path = SliderViewExample.swift; sourceTree = "<group>"; };
/* End PBXFileReference section */

/* Begin PBXFrameworksBuildPhase section */
		A9C857C62A2931C800BC24A4 /* Frameworks */ = {
			isa = PBXFrameworksBuildPhase;
			buildActionMask = 2147483647;
			files = (
			);
			runOnlyForDeploymentPostprocessing = 0;
		};
		A9C857D62A2931C900BC24A4 /* Frameworks */ = {
			isa = PBXFrameworksBuildPhase;
			buildActionMask = 2147483647;
			files = (
			);
			runOnlyForDeploymentPostprocessing = 0;
		};
		A9C857E02A2931C900BC24A4 /* Frameworks */ = {
			isa = PBXFrameworksBuildPhase;
			buildActionMask = 2147483647;
			files = (
			);
			runOnlyForDeploymentPostprocessing = 0;
		};
/* End PBXFrameworksBuildPhase section */

/* Begin PBXGroup section */
		A9C857C02A2931C800BC24A4 = {
			isa = PBXGroup;
			children = (
				A9C857CB2A2931C800BC24A4 /* HelloSwiftUI */,
				A9C857DC2A2931C900BC24A4 /* HelloSwiftUITests */,
				A9C857E62A2931C900BC24A4 /* HelloSwiftUIUITests */,
				A9C857CA2A2931C800BC24A4 /* Products */,
			);
			sourceTree = "<group>";
		};
		A9C857CA2A2931C800BC24A4 /* Products */ = {
			isa = PBXGroup;
			children = (
				A9C857C92A2931C800BC24A4 /* HelloSwiftUI.app */,
				A9C857D92A2931C900BC24A4 /* HelloSwiftUITests.xctest */,
				A9C857E32A2931C900BC24A4 /* HelloSwiftUIUITests.xctest */,
			);
			name = Products;
			sourceTree = "<group>";
		};
		A9C857CB2A2931C800BC24A4 /* HelloSwiftUI */ = {
			isa = PBXGroup;
			children = (
				A9C857F62A293BDF00BC24A4 /* Views */,
				A9C857CC2A2931C800BC24A4 /* HelloSwiftUIApp.swift */,
				A9C857D02A2931C900BC24A4 /* Assets.xcassets */,
				A9C857D22A2931C900BC24A4 /* Preview Content */,
			);
			path = HelloSwiftUI;
			sourceTree = "<group>";
		};
		A9C857D22A2931C900BC24A4 /* Preview Content */ = {
			isa = PBXGroup;
			children = (
				A9C857D32A2931C900BC24A4 /* Preview Assets.xcassets */,
			);
			path = "Preview Content";
			sourceTree = "<group>";
		};
		A9C857DC2A2931C900BC24A4 /* HelloSwiftUITests */ = {
			isa = PBXGroup;
			children = (
				A9C857DD2A2931C900BC24A4 /* HelloSwiftUITests.swift */,
			);
			path = HelloSwiftUITests;
			sourceTree = "<group>";
		};
		A9C857E62A2931C900BC24A4 /* HelloSwiftUIUITests */ = {
			isa = PBXGroup;
			children = (
				A9C857E72A2931C900BC24A4 /* HelloSwiftUIUITests.swift */,
				A9C857E92A2931C900BC24A4 /* HelloSwiftUIUITestsLaunchTests.swift */,
			);
			path = HelloSwiftUIUITests;
			sourceTree = "<group>";
		};
		A9C857F62A293BDF00BC24A4 /* Views */ = {
			isa = PBXGroup;
			children = (
				A9C857CE2A2931C800BC24A4 /* StacksViewExample.swift */,
				A9C857F72A293CC600BC24A4 /* ImageViewExample.swift */,
				A9FD99AD2A2B8811008E76CC /* SymbolsExample.swift */,
				A9FD99AF2A2B8B10008E76CC /* StateExample.swift */,
				A9FD99B12A2B8DC8008E76CC /* LabelViewExample.swift */,
				A9FD99B52A2B984C008E76CC /* ButtonViewExample.swift */,
				A9FD99B72A2BA1FD008E76CC /* TextfieldViewExample.swift */,
				A9FD99B32A2B8EB6008E76CC /* TextViewExample.swift */,
				A9FD99B92A2BA620008E76CC /* TextEditorViewExample.swift */,
				A9FD99BB2A2BAA6E008E76CC /* PickersViewExample.swift */,
				A9FD99BD2A2BB061008E76CC /* ProgressViewExample.swift */,
				A9FD99BF2A2BB7A5008E76CC /* LinkViewExample.swift */,
				A9FD99C12A2BC8E1008E76CC /* ToggleViewExample.swift */,
				A9FD99C32A2BC9C4008E76CC /* StepperViewExample.swift */,
				A9FD99C52A2BCD0A008E76CC /* SliderViewExample.swift */,
				A9BD96032A2C72F3003CA927 /* LazyGridViewExample.swift */,
				A9BD96052A2C7710003CA927 /* FormViewExample.swift */,
				A9BD96072A2C7A69003CA927 /* ListViewExample.swift */,
				A9BD96092A2C80CF003CA927 /* NavigationStackViewExample.swift */,
				A9BD960B2A2C9214003CA927 /* TabViewExample.swift */,
				A9BD960D2A2C9BE3003CA927 /* MovalsViewExample.swift */,
				A9BD960F2A2C9DF6003CA927 /* AlertViewExample.swift */,
				A97067152A2CDE0000E6E67C /* ConfirmationDialogViewExample.swift */,
				A97067172A2CE6B600E6E67C /* ContextMenuViewExample.swift */,
				A97067192A2CEF4000E6E67C /* TapGestureViewExample.swift */,
				A970671B2A2CF1C100E6E67C /* DragGestureViewExample.swift */,
				A970671D2A2CF61900E6E67C /* BindingViewExample.swift */,
				A970671F2A2CF99900E6E67C /* ObjectsViewExample.swift */,
				A97067212A2D0A0000E6E67C /* EnviromentObjectViewExample.swift */,
				A97067232A2D0EF900E6E67C /* AppStorageViewExample.swift */,
			);
			path = Views;
			sourceTree = "<group>";
		};
/* End PBXGroup section */

/* Begin PBXNativeTarget section */
		A9C857C82A2931C800BC24A4 /* HelloSwiftUI */ = {
			isa = PBXNativeTarget;
			buildConfigurationList = A9C857ED2A2931C900BC24A4 /* Build configuration list for PBXNativeTarget "HelloSwiftUI" */;
			buildPhases = (
				A9C857C52A2931C800BC24A4 /* Sources */,
				A9C857C62A2931C800BC24A4 /* Frameworks */,
				A9C857C72A2931C800BC24A4 /* Resources */,
			);
			buildRules = (
			);
			dependencies = (
			);
			name = HelloSwiftUI;
			productName = HelloSwiftUI;
			productReference = A9C857C92A2931C800BC24A4 /* HelloSwiftUI.app */;
			productType = "com.apple.product-type.application";
		};
		A9C857D82A2931C900BC24A4 /* HelloSwiftUITests */ = {
			isa = PBXNativeTarget;
			buildConfigurationList = A9C857F02A2931C900BC24A4 /* Build configuration list for PBXNativeTarget "HelloSwiftUITests" */;
			buildPhases = (
				A9C857D52A2931C900BC24A4 /* Sources */,
				A9C857D62A2931C900BC24A4 /* Frameworks */,
				A9C857D72A2931C900BC24A4 /* Resources */,
			);
			buildRules = (
			);
			dependencies = (
				A9C857DB2A2931C900BC24A4 /* PBXTargetDependency */,
			);
			name = HelloSwiftUITests;
			productName = HelloSwiftUITests;
			productReference = A9C857D92A2931C900BC24A4 /* HelloSwiftUITests.xctest */;
			productType = "com.apple.product-type.bundle.unit-test";
		};
		A9C857E22A2931C900BC24A4 /* HelloSwiftUIUITests */ = {
			isa = PBXNativeTarget;
			buildConfigurationList = A9C857F32A2931C900BC24A4 /* Build configuration list for PBXNativeTarget "HelloSwiftUIUITests" */;
			buildPhases = (
				A9C857DF2A2931C900BC24A4 /* Sources */,
				A9C857E02A2931C900BC24A4 /* Frameworks */,
				A9C857E12A2931C900BC24A4 /* Resources */,
			);
			buildRules = (
			);
			dependencies = (
				A9C857E52A2931C900BC24A4 /* PBXTargetDependency */,
			);
			name = HelloSwiftUIUITests;
			productName = HelloSwiftUIUITests;
			productReference = A9C857E32A2931C900BC24A4 /* HelloSwiftUIUITests.xctest */;
			productType = "com.apple.product-type.bundle.ui-testing";
		};
/* End PBXNativeTarget section */

/* Begin PBXProject section */
		A9C857C12A2931C800BC24A4 /* Project object */ = {
			isa = PBXProject;
			attributes = {
				BuildIndependentTargetsInParallel = 1;
				LastSwiftUpdateCheck = 1430;
				LastUpgradeCheck = 1430;
				TargetAttributes = {
					A9C857C82A2931C800BC24A4 = {
						CreatedOnToolsVersion = 14.3;
					};
					A9C857D82A2931C900BC24A4 = {
						CreatedOnToolsVersion = 14.3;
						TestTargetID = A9C857C82A2931C800BC24A4;
					};
					A9C857E22A2931C900BC24A4 = {
						CreatedOnToolsVersion = 14.3;
						TestTargetID = A9C857C82A2931C800BC24A4;
					};
				};
			};
			buildConfigurationList = A9C857C42A2931C800BC24A4 /* Build configuration list for PBXProject "HelloSwiftUI" */;
			compatibilityVersion = "Xcode 14.0";
			developmentRegion = en;
			hasScannedForEncodings = 0;
			knownRegions = (
				en,
				Base,
			);
			mainGroup = A9C857C02A2931C800BC24A4;
			productRefGroup = A9C857CA2A2931C800BC24A4 /* Products */;
			projectDirPath = "";
			projectRoot = "";
			targets = (
				A9C857C82A2931C800BC24A4 /* HelloSwiftUI */,
				A9C857D82A2931C900BC24A4 /* HelloSwiftUITests */,
				A9C857E22A2931C900BC24A4 /* HelloSwiftUIUITests */,
			);
		};
/* End PBXProject section */

/* Begin PBXResourcesBuildPhase section */
		A9C857C72A2931C800BC24A4 /* Resources */ = {
			isa = PBXResourcesBuildPhase;
			buildActionMask = 2147483647;
			files = (
				A9C857D42A2931C900BC24A4 /* Preview Assets.xcassets in Resources */,
				A9C857D12A2931C900BC24A4 /* Assets.xcassets in Resources */,
			);
			runOnlyForDeploymentPostprocessing = 0;
		};
		A9C857D72A2931C900BC24A4 /* Resources */ = {
			isa = PBXResourcesBuildPhase;
			buildActionMask = 2147483647;
			files = (
			);
			runOnlyForDeploymentPostprocessing = 0;
		};
		A9C857E12A2931C900BC24A4 /* Resources */ = {
			isa = PBXResourcesBuildPhase;
			buildActionMask = 2147483647;
			files = (
			);
			runOnlyForDeploymentPostprocessing = 0;
		};
/* End PBXResourcesBuildPhase section */

/* Begin PBXSourcesBuildPhase section */
		A9C857C52A2931C800BC24A4 /* Sources */ = {
			isa = PBXSourcesBuildPhase;
			buildActionMask = 2147483647;
			files = (
				A9FD99B22A2B8DC8008E76CC /* LabelViewExample.swift in Sources */,
				A9FD99B02A2B8B10008E76CC /* StateExample.swift in Sources */,
				A9FD99AE2A2B8811008E76CC /* SymbolsExample.swift in Sources */,
				A9C857F82A293CC600BC24A4 /* ImageViewExample.swift in Sources */,
				A9FD99B82A2BA1FD008E76CC /* TextfieldViewExample.swift in Sources */,
				A9BD960A2A2C80CF003CA927 /* NavigationStackViewExample.swift in Sources */,
				A9FD99BC2A2BAA6E008E76CC /* PickersViewExample.swift in Sources */,
				A9BD96062A2C7710003CA927 /* FormViewExample.swift in Sources */,
				A9BD96082A2C7A69003CA927 /* ListViewExample.swift in Sources */,
				A97067222A2D0A0000E6E67C /* EnviromentObjectViewExample.swift in Sources */,
				A97067242A2D0EF900E6E67C /* AppStorageViewExample.swift in Sources */,
				A9FD99B42A2B8EB6008E76CC /* TextViewExample.swift in Sources */,
				A9BD960C2A2C9214003CA927 /* TabViewExample.swift in Sources */,
				A9FD99C02A2BB7A5008E76CC /* LinkViewExample.swift in Sources */,
				A97067202A2CF99900E6E67C /* ObjectsViewExample.swift in Sources */,
				A97067182A2CE6B600E6E67C /* ContextMenuViewExample.swift in Sources */,
				A970671A2A2CEF4000E6E67C /* TapGestureViewExample.swift in Sources */,
				A9FD99B62A2B984C008E76CC /* ButtonViewExample.swift in Sources */,
				A9BD96042A2C72F3003CA927 /* LazyGridViewExample.swift in Sources */,
				A9FD99BE2A2BB061008E76CC /* ProgressViewExample.swift in Sources */,
				A9BD960E2A2C9BE3003CA927 /* MovalsViewExample.swift in Sources */,
				A9BD96102A2C9DF6003CA927 /* AlertViewExample.swift in Sources */,
				A9C857CF2A2931C800BC24A4 /* StacksViewExample.swift in Sources */,
				A9FD99BA2A2BA620008E76CC /* TextEditorViewExample.swift in Sources */,
				A970671C2A2CF1C100E6E67C /* DragGestureViewExample.swift in Sources */,
				A9FD99C62A2BCD0A008E76CC /* SliderViewExample.swift in Sources */,
				A9C857CD2A2931C800BC24A4 /* HelloSwiftUIApp.swift in Sources */,
				A97067162A2CDE0000E6E67C /* ConfirmationDialogViewExample.swift in Sources */,
				A970671E2A2CF61900E6E67C /* BindingViewExample.swift in Sources */,
				A9FD99C22A2BC8E1008E76CC /* ToggleViewExample.swift in Sources */,
				A9FD99C42A2BC9C4008E76CC /* StepperViewExample.swift in Sources */,
			);
			runOnlyForDeploymentPostprocessing = 0;
		};
		A9C857D52A2931C900BC24A4 /* Sources */ = {
			isa = PBXSourcesBuildPhase;
			buildActionMask = 2147483647;
			files = (
				A9C857DE2A2931C900BC24A4 /* HelloSwiftUITests.swift in Sources */,
			);
			runOnlyForDeploymentPostprocessing = 0;
		};
		A9C857DF2A2931C900BC24A4 /* Sources */ = {
			isa = PBXSourcesBuildPhase;
			buildActionMask = 2147483647;
			files = (
				A9C857E82A2931C900BC24A4 /* HelloSwiftUIUITests.swift in Sources */,
				A9C857EA2A2931C900BC24A4 /* HelloSwiftUIUITestsLaunchTests.swift in Sources */,
			);
			runOnlyForDeploymentPostprocessing = 0;
		};
/* End PBXSourcesBuildPhase section */

/* Begin PBXTargetDependency section */
		A9C857DB2A2931C900BC24A4 /* PBXTargetDependency */ = {
			isa = PBXTargetDependency;
			target = A9C857C82A2931C800BC24A4 /* HelloSwiftUI */;
			targetProxy = A9C857DA2A2931C900BC24A4 /* PBXContainerItemProxy */;
		};
		A9C857E52A2931C900BC24A4 /* PBXTargetDependency */ = {
			isa = PBXTargetDependency;
			target = A9C857C82A2931C800BC24A4 /* HelloSwiftUI */;
			targetProxy = A9C857E42A2931C900BC24A4 /* PBXContainerItemProxy */;
		};
/* End PBXTargetDependency section */

/* Begin XCBuildConfiguration section */
		A9C857EB2A2931C900BC24A4 /* Debug */ = {
			isa = XCBuildConfiguration;
			buildSettings = {
				ALWAYS_SEARCH_USER_PATHS = NO;
				CLANG_ANALYZER_NONNULL = YES;
				CLANG_ANALYZER_NUMBER_OBJECT_CONVERSION = YES_AGGRESSIVE;
				CLANG_CXX_LANGUAGE_STANDARD = "gnu++20";
				CLANG_ENABLE_MODULES = YES;
				CLANG_ENABLE_OBJC_ARC = YES;
				CLANG_ENABLE_OBJC_WEAK = YES;
				CLANG_WARN_BLOCK_CAPTURE_AUTORELEASING = YES;
				CLANG_WARN_BOOL_CONVERSION = YES;
				CLANG_WARN_COMMA = YES;
				CLANG_WARN_CONSTANT_CONVERSION = YES;
				CLANG_WARN_DEPRECATED_OBJC_IMPLEMENTATIONS = YES;
				CLANG_WARN_DIRECT_OBJC_ISA_USAGE = YES_ERROR;
				CLANG_WARN_DOCUMENTATION_COMMENTS = YES;
				CLANG_WARN_EMPTY_BODY = YES;
				CLANG_WARN_ENUM_CONVERSION = YES;
				CLANG_WARN_INFINITE_RECURSION = YES;
				CLANG_WARN_INT_CONVERSION = YES;
				CLANG_WARN_NON_LITERAL_NULL_CONVERSION = YES;
				CLANG_WARN_OBJC_IMPLICIT_RETAIN_SELF = YES;
				CLANG_WARN_OBJC_LITERAL_CONVERSION = YES;
				CLANG_WARN_OBJC_ROOT_CLASS = YES_ERROR;
				CLANG_WARN_QUOTED_INCLUDE_IN_FRAMEWORK_HEADER = YES;
				CLANG_WARN_RANGE_LOOP_ANALYSIS = YES;
				CLANG_WARN_STRICT_PROTOTYPES = YES;
				CLANG_WARN_SUSPICIOUS_MOVE = YES;
				CLANG_WARN_UNGUARDED_AVAILABILITY = YES_AGGRESSIVE;
				CLANG_WARN_UNREACHABLE_CODE = YES;
				CLANG_WARN__DUPLICATE_METHOD_MATCH = YES;
				COPY_PHASE_STRIP = NO;
				DEBUG_INFORMATION_FORMAT = dwarf;
				ENABLE_STRICT_OBJC_MSGSEND = YES;
				ENABLE_TESTABILITY = YES;
				GCC_C_LANGUAGE_STANDARD = gnu11;
				GCC_DYNAMIC_NO_PIC = NO;
				GCC_NO_COMMON_BLOCKS = YES;
				GCC_OPTIMIZATION_LEVEL = 0;
				GCC_PREPROCESSOR_DEFINITIONS = (
					"DEBUG=1",
					"$(inherited)",
				);
				GCC_WARN_64_TO_32_BIT_CONVERSION = YES;
				GCC_WARN_ABOUT_RETURN_TYPE = YES_ERROR;
				GCC_WARN_UNDECLARED_SELECTOR = YES;
				GCC_WARN_UNINITIALIZED_AUTOS = YES_AGGRESSIVE;
				GCC_WARN_UNUSED_FUNCTION = YES;
				GCC_WARN_UNUSED_VARIABLE = YES;
				IPHONEOS_DEPLOYMENT_TARGET = 16.4;
				MTL_ENABLE_DEBUG_INFO = INCLUDE_SOURCE;
				MTL_FAST_MATH = YES;
				ONLY_ACTIVE_ARCH = YES;
				SDKROOT = iphoneos;
				SWIFT_ACTIVE_COMPILATION_CONDITIONS = DEBUG;
				SWIFT_OPTIMIZATION_LEVEL = "-Onone";
			};
			name = Debug;
		};
		A9C857EC2A2931C900BC24A4 /* Release */ = {
			isa = XCBuildConfiguration;
			buildSettings = {
				ALWAYS_SEARCH_USER_PATHS = NO;
				CLANG_ANALYZER_NONNULL = YES;
				CLANG_ANALYZER_NUMBER_OBJECT_CONVERSION = YES_AGGRESSIVE;
				CLANG_CXX_LANGUAGE_STANDARD = "gnu++20";
				CLANG_ENABLE_MODULES = YES;
				CLANG_ENABLE_OBJC_ARC = YES;
				CLANG_ENABLE_OBJC_WEAK = YES;
				CLANG_WARN_BLOCK_CAPTURE_AUTORELEASING = YES;
				CLANG_WARN_BOOL_CONVERSION = YES;
				CLANG_WARN_COMMA = YES;
				CLANG_WARN_CONSTANT_CONVERSION = YES;
				CLANG_WARN_DEPRECATED_OBJC_IMPLEMENTATIONS = YES;
				CLANG_WARN_DIRECT_OBJC_ISA_USAGE = YES_ERROR;
				CLANG_WARN_DOCUMENTATION_COMMENTS = YES;
				CLANG_WARN_EMPTY_BODY = YES;
				CLANG_WARN_ENUM_CONVERSION = YES;
				CLANG_WARN_INFINITE_RECURSION = YES;
				CLANG_WARN_INT_CONVERSION = YES;
				CLANG_WARN_NON_LITERAL_NULL_CONVERSION = YES;
				CLANG_WARN_OBJC_IMPLICIT_RETAIN_SELF = YES;
				CLANG_WARN_OBJC_LITERAL_CONVERSION = YES;
				CLANG_WARN_OBJC_ROOT_CLASS = YES_ERROR;
				CLANG_WARN_QUOTED_INCLUDE_IN_FRAMEWORK_HEADER = YES;
				CLANG_WARN_RANGE_LOOP_ANALYSIS = YES;
				CLANG_WARN_STRICT_PROTOTYPES = YES;
				CLANG_WARN_SUSPICIOUS_MOVE = YES;
				CLANG_WARN_UNGUARDED_AVAILABILITY = YES_AGGRESSIVE;
				CLANG_WARN_UNREACHABLE_CODE = YES;
				CLANG_WARN__DUPLICATE_METHOD_MATCH = YES;
				COPY_PHASE_STRIP = NO;
				DEBUG_INFORMATION_FORMAT = "dwarf-with-dsym";
				ENABLE_NS_ASSERTIONS = NO;
				ENABLE_STRICT_OBJC_MSGSEND = YES;
				GCC_C_LANGUAGE_STANDARD = gnu11;
				GCC_NO_COMMON_BLOCKS = YES;
				GCC_WARN_64_TO_32_BIT_CONVERSION = YES;
				GCC_WARN_ABOUT_RETURN_TYPE = YES_ERROR;
				GCC_WARN_UNDECLARED_SELECTOR = YES;
				GCC_WARN_UNINITIALIZED_AUTOS = YES_AGGRESSIVE;
				GCC_WARN_UNUSED_FUNCTION = YES;
				GCC_WARN_UNUSED_VARIABLE = YES;
				IPHONEOS_DEPLOYMENT_TARGET = 16.4;
				MTL_ENABLE_DEBUG_INFO = NO;
				MTL_FAST_MATH = YES;
				SDKROOT = iphoneos;
				SWIFT_COMPILATION_MODE = wholemodule;
				SWIFT_OPTIMIZATION_LEVEL = "-O";
				VALIDATE_PRODUCT = YES;
			};
			name = Release;
		};
		A9C857EE2A2931C900BC24A4 /* Debug */ = {
			isa = XCBuildConfiguration;
			buildSettings = {
				ASSETCATALOG_COMPILER_APPICON_NAME = AppIcon;
				ASSETCATALOG_COMPILER_GLOBAL_ACCENT_COLOR_NAME = AccentColor;
				CODE_SIGN_STYLE = Automatic;
				CURRENT_PROJECT_VERSION = 1;
				DEVELOPMENT_ASSET_PATHS = "\"HelloSwiftUI/Preview Content\"";
				ENABLE_PREVIEWS = YES;
				GENERATE_INFOPLIST_FILE = YES;
				INFOPLIST_KEY_UIApplicationSceneManifest_Generation = YES;
				INFOPLIST_KEY_UIApplicationSupportsIndirectInputEvents = YES;
				INFOPLIST_KEY_UILaunchScreen_Generation = YES;
				INFOPLIST_KEY_UISupportedInterfaceOrientations_iPad = "UIInterfaceOrientationPortrait UIInterfaceOrientationPortraitUpsideDown UIInterfaceOrientationLandscapeLeft UIInterfaceOrientationLandscapeRight";
				INFOPLIST_KEY_UISupportedInterfaceOrientations_iPhone = "UIInterfaceOrientationPortrait UIInterfaceOrientationLandscapeLeft UIInterfaceOrientationLandscapeRight";
				LD_RUNPATH_SEARCH_PATHS = (
					"$(inherited)",
					"@executable_path/Frameworks",
				);
				MARKETING_VERSION = 1.0;
				PRODUCT_BUNDLE_IDENTIFIER = "Antonio-Jesus.HelloSwiftUI";
				PRODUCT_NAME = "$(TARGET_NAME)";
				SWIFT_EMIT_LOC_STRINGS = YES;
				SWIFT_VERSION = 5.0;
				TARGETED_DEVICE_FAMILY = "1,2";
			};
			name = Debug;
		};
		A9C857EF2A2931C900BC24A4 /* Release */ = {
			isa = XCBuildConfiguration;
			buildSettings = {
				ASSETCATALOG_COMPILER_APPICON_NAME = AppIcon;
				ASSETCATALOG_COMPILER_GLOBAL_ACCENT_COLOR_NAME = AccentColor;
				CODE_SIGN_STYLE = Automatic;
				CURRENT_PROJECT_VERSION = 1;
				DEVELOPMENT_ASSET_PATHS = "\"HelloSwiftUI/Preview Content\"";
				ENABLE_PREVIEWS = YES;
				GENERATE_INFOPLIST_FILE = YES;
				INFOPLIST_KEY_UIApplicationSceneManifest_Generation = YES;
				INFOPLIST_KEY_UIApplicationSupportsIndirectInputEvents = YES;
				INFOPLIST_KEY_UILaunchScreen_Generation = YES;
				INFOPLIST_KEY_UISupportedInterfaceOrientations_iPad = "UIInterfaceOrientationPortrait UIInterfaceOrientationPortraitUpsideDown UIInterfaceOrientationLandscapeLeft UIInterfaceOrientationLandscapeRight";
				INFOPLIST_KEY_UISupportedInterfaceOrientations_iPhone = "UIInterfaceOrientationPortrait UIInterfaceOrientationLandscapeLeft UIInterfaceOrientationLandscapeRight";
				LD_RUNPATH_SEARCH_PATHS = (
					"$(inherited)",
					"@executable_path/Frameworks",
				);
				MARKETING_VERSION = 1.0;
				PRODUCT_BUNDLE_IDENTIFIER = "Antonio-Jesus.HelloSwiftUI";
				PRODUCT_NAME = "$(TARGET_NAME)";
				SWIFT_EMIT_LOC_STRINGS = YES;
				SWIFT_VERSION = 5.0;
				TARGETED_DEVICE_FAMILY = "1,2";
			};
			name = Release;
		};
		A9C857F12A2931C900BC24A4 /* Debug */ = {
			isa = XCBuildConfiguration;
			buildSettings = {
				ALWAYS_EMBED_SWIFT_STANDARD_LIBRARIES = YES;
				BUNDLE_LOADER = "$(TEST_HOST)";
				CODE_SIGN_STYLE = Automatic;
				CURRENT_PROJECT_VERSION = 1;
				GENERATE_INFOPLIST_FILE = YES;
				IPHONEOS_DEPLOYMENT_TARGET = 16.4;
				MARKETING_VERSION = 1.0;
				PRODUCT_BUNDLE_IDENTIFIER = "Antonio-Jesus.HelloSwiftUITests";
				PRODUCT_NAME = "$(TARGET_NAME)";
				SWIFT_EMIT_LOC_STRINGS = NO;
				SWIFT_VERSION = 5.0;
				TARGETED_DEVICE_FAMILY = "1,2";
				TEST_HOST = "$(BUILT_PRODUCTS_DIR)/HelloSwiftUI.app/$(BUNDLE_EXECUTABLE_FOLDER_PATH)/HelloSwiftUI";
			};
			name = Debug;
		};
		A9C857F22A2931C900BC24A4 /* Release */ = {
			isa = XCBuildConfiguration;
			buildSettings = {
				ALWAYS_EMBED_SWIFT_STANDARD_LIBRARIES = YES;
				BUNDLE_LOADER = "$(TEST_HOST)";
				CODE_SIGN_STYLE = Automatic;
				CURRENT_PROJECT_VERSION = 1;
				GENERATE_INFOPLIST_FILE = YES;
				IPHONEOS_DEPLOYMENT_TARGET = 16.4;
				MARKETING_VERSION = 1.0;
				PRODUCT_BUNDLE_IDENTIFIER = "Antonio-Jesus.HelloSwiftUITests";
				PRODUCT_NAME = "$(TARGET_NAME)";
				SWIFT_EMIT_LOC_STRINGS = NO;
				SWIFT_VERSION = 5.0;
				TARGETED_DEVICE_FAMILY = "1,2";
				TEST_HOST = "$(BUILT_PRODUCTS_DIR)/HelloSwiftUI.app/$(BUNDLE_EXECUTABLE_FOLDER_PATH)/HelloSwiftUI";
			};
			name = Release;
		};
		A9C857F42A2931C900BC24A4 /* Debug */ = {
			isa = XCBuildConfiguration;
			buildSettings = {
				ALWAYS_EMBED_SWIFT_STANDARD_LIBRARIES = YES;
				CODE_SIGN_STYLE = Automatic;
				CURRENT_PROJECT_VERSION = 1;
				GENERATE_INFOPLIST_FILE = YES;
				MARKETING_VERSION = 1.0;
				PRODUCT_BUNDLE_IDENTIFIER = "Antonio-Jesus.HelloSwiftUIUITests";
				PRODUCT_NAME = "$(TARGET_NAME)";
				SWIFT_EMIT_LOC_STRINGS = NO;
				SWIFT_VERSION = 5.0;
				TARGETED_DEVICE_FAMILY = "1,2";
				TEST_TARGET_NAME = HelloSwiftUI;
			};
			name = Debug;
		};
		A9C857F52A2931C900BC24A4 /* Release */ = {
			isa = XCBuildConfiguration;
			buildSettings = {
				ALWAYS_EMBED_SWIFT_STANDARD_LIBRARIES = YES;
				CODE_SIGN_STYLE = Automatic;
				CURRENT_PROJECT_VERSION = 1;
				GENERATE_INFOPLIST_FILE = YES;
				MARKETING_VERSION = 1.0;
				PRODUCT_BUNDLE_IDENTIFIER = "Antonio-Jesus.HelloSwiftUIUITests";
				PRODUCT_NAME = "$(TARGET_NAME)";
				SWIFT_EMIT_LOC_STRINGS = NO;
				SWIFT_VERSION = 5.0;
				TARGETED_DEVICE_FAMILY = "1,2";
				TEST_TARGET_NAME = HelloSwiftUI;
			};
			name = Release;
		};
/* End XCBuildConfiguration section */

/* Begin XCConfigurationList section */
		A9C857C42A2931C800BC24A4 /* Build configuration list for PBXProject "HelloSwiftUI" */ = {
			isa = XCConfigurationList;
			buildConfigurations = (
				A9C857EB2A2931C900BC24A4 /* Debug */,
				A9C857EC2A2931C900BC24A4 /* Release */,
			);
			defaultConfigurationIsVisible = 0;
			defaultConfigurationName = Release;
		};
		A9C857ED2A2931C900BC24A4 /* Build configuration list for PBXNativeTarget "HelloSwiftUI" */ = {
			isa = XCConfigurationList;
			buildConfigurations = (
				A9C857EE2A2931C900BC24A4 /* Debug */,
				A9C857EF2A2931C900BC24A4 /* Release */,
			);
			defaultConfigurationIsVisible = 0;
			defaultConfigurationName = Release;
		};
		A9C857F02A2931C900BC24A4 /* Build configuration list for PBXNativeTarget "HelloSwiftUITests" */ = {
			isa = XCConfigurationList;
			buildConfigurations = (
				A9C857F12A2931C900BC24A4 /* Debug */,
				A9C857F22A2931C900BC24A4 /* Release */,
			);
			defaultConfigurationIsVisible = 0;
			defaultConfigurationName = Release;
		};
		A9C857F32A2931C900BC24A4 /* Build configuration list for PBXNativeTarget "HelloSwiftUIUITests" */ = {
			isa = XCConfigurationList;
			buildConfigurations = (
				A9C857F42A2931C900BC24A4 /* Debug */,
				A9C857F52A2931C900BC24A4 /* Release */,
			);
			defaultConfigurationIsVisible = 0;
			defaultConfigurationName = Release;
		};
/* End XCConfigurationList section */
	};
	rootObject = A9C857C12A2931C800BC24A4 /* Project object */;
}
